// !$*UTF8*$!
{
	archiveVersion = 1;
	classes = {
	};
	objectVersion = 50;
	objects = {

/* Begin PBXBuildFile section */
		3AA555FFDEBB3E6232F0E902 /* Pods_flixsterUITests.framework in Frameworks */ = {isa = PBXBuildFile; fileRef = 5A015EA837040BF65FA1BCE1 /* Pods_flixsterUITests.framework */; };
		415FA8BA412753B2510B84F6 /* Pods_flixster.framework in Frameworks */ = {isa = PBXBuildFile; fileRef = 7C0A08A79E4DBB7A6622EFAB /* Pods_flixster.framework */; };
		47A7C61421DAACB763126294 /* Pods_flixsterTests.framework in Frameworks */ = {isa = PBXBuildFile; fileRef = 5490E90D1A530F5B77F71EA8 /* Pods_flixsterTests.framework */; };
		A49F283D25E061F90041A739 /* MovieDetailsViewController.swift in Sources */ = {isa = PBXBuildFile; fileRef = A49F283C25E061F90041A739 /* MovieDetailsViewController.swift */; };
		A49F283F25E0878A0041A739 /* MovieGridViewController.swift in Sources */ = {isa = PBXBuildFile; fileRef = A49F283E25E0878A0041A739 /* MovieGridViewController.swift */; };
		A49F284125E08C6D0041A739 /* MovieGridCell.swift in Sources */ = {isa = PBXBuildFile; fileRef = A49F284025E08C6D0041A739 /* MovieGridCell.swift */; };
		A4D81EC225D701FE00100650 /* AppDelegate.swift in Sources */ = {isa = PBXBuildFile; fileRef = A4D81EC125D701FE00100650 /* AppDelegate.swift */; };
		A4D81EC425D701FE00100650 /* SceneDelegate.swift in Sources */ = {isa = PBXBuildFile; fileRef = A4D81EC325D701FE00100650 /* SceneDelegate.swift */; };
		A4D81EC925D701FE00100650 /* Main.storyboard in Resources */ = {isa = PBXBuildFile; fileRef = A4D81EC725D701FE00100650 /* Main.storyboard */; };
		A4D81ECB25D7020300100650 /* Assets.xcassets in Resources */ = {isa = PBXBuildFile; fileRef = A4D81ECA25D7020300100650 /* Assets.xcassets */; };
		A4D81ECE25D7020300100650 /* LaunchScreen.storyboard in Resources */ = {isa = PBXBuildFile; fileRef = A4D81ECC25D7020300100650 /* LaunchScreen.storyboard */; };
		A4D81ED925D7020400100650 /* flixsterTests.swift in Sources */ = {isa = PBXBuildFile; fileRef = A4D81ED825D7020400100650 /* flixsterTests.swift */; };
		A4D81EE425D7020400100650 /* flixsterUITests.swift in Sources */ = {isa = PBXBuildFile; fileRef = A4D81EE325D7020400100650 /* flixsterUITests.swift */; };
		A4D81EF225D705E700100650 /* MoviesViewController.swift in Sources */ = {isa = PBXBuildFile; fileRef = A4D81EF125D705E700100650 /* MoviesViewController.swift */; };
		A4D81EF425D7327700100650 /* MovieCell.swift in Sources */ = {isa = PBXBuildFile; fileRef = A4D81EF325D7327700100650 /* MovieCell.swift */; };
/* End PBXBuildFile section */

/* Begin PBXContainerItemProxy section */
		A4D81ED525D7020400100650 /* PBXContainerItemProxy */ = {
			isa = PBXContainerItemProxy;
			containerPortal = A4D81EB625D701FE00100650 /* Project object */;
			proxyType = 1;
			remoteGlobalIDString = A4D81EBD25D701FE00100650;
			remoteInfo = flixster;
		};
		A4D81EE025D7020400100650 /* PBXContainerItemProxy */ = {
			isa = PBXContainerItemProxy;
			containerPortal = A4D81EB625D701FE00100650 /* Project object */;
			proxyType = 1;
			remoteGlobalIDString = A4D81EBD25D701FE00100650;
			remoteInfo = flixster;
		};
/* End PBXContainerItemProxy section */

/* Begin PBXFileReference section */
		0FEEF8C151CD270611FE1C18 /* Pods-flixsterUITests.debug.xcconfig */ = {isa = PBXFileReference; includeInIndex = 1; lastKnownFileType = text.xcconfig; name = "Pods-flixsterUITests.debug.xcconfig"; path = "Pods/Target Support Files/Pods-flixsterUITests/Pods-flixsterUITests.debug.xcconfig"; sourceTree = "<group>"; };
		4BCD580A69DB4C3D5BEB1334 /* Pods-flixsterUITests.release.xcconfig */ = {isa = PBXFileReference; includeInIndex = 1; lastKnownFileType = text.xcconfig; name = "Pods-flixsterUITests.release.xcconfig"; path = "Pods/Target Support Files/Pods-flixsterUITests/Pods-flixsterUITests.release.xcconfig"; sourceTree = "<group>"; };
		5490E90D1A530F5B77F71EA8 /* Pods_flixsterTests.framework */ = {isa = PBXFileReference; explicitFileType = wrapper.framework; includeInIndex = 0; path = Pods_flixsterTests.framework; sourceTree = BUILT_PRODUCTS_DIR; };
		59348EED2CC3C4EE4A2A1F6C /* Pods-flixsterTests.release.xcconfig */ = {isa = PBXFileReference; includeInIndex = 1; lastKnownFileType = text.xcconfig; name = "Pods-flixsterTests.release.xcconfig"; path = "Pods/Target Support Files/Pods-flixsterTests/Pods-flixsterTests.release.xcconfig"; sourceTree = "<group>"; };
		5A015EA837040BF65FA1BCE1 /* Pods_flixsterUITests.framework */ = {isa = PBXFileReference; explicitFileType = wrapper.framework; includeInIndex = 0; path = Pods_flixsterUITests.framework; sourceTree = BUILT_PRODUCTS_DIR; };
		6A6867178E91F8EBE2AD08DB /* Pods-flixster.release.xcconfig */ = {isa = PBXFileReference; includeInIndex = 1; lastKnownFileType = text.xcconfig; name = "Pods-flixster.release.xcconfig"; path = "Pods/Target Support Files/Pods-flixster/Pods-flixster.release.xcconfig"; sourceTree = "<group>"; };
		7C0A08A79E4DBB7A6622EFAB /* Pods_flixster.framework */ = {isa = PBXFileReference; explicitFileType = wrapper.framework; includeInIndex = 0; path = Pods_flixster.framework; sourceTree = BUILT_PRODUCTS_DIR; };
		8F1A126E2403AC924C249475 /* Pods-flixster.debug.xcconfig */ = {isa = PBXFileReference; includeInIndex = 1; lastKnownFileType = text.xcconfig; name = "Pods-flixster.debug.xcconfig"; path = "Pods/Target Support Files/Pods-flixster/Pods-flixster.debug.xcconfig"; sourceTree = "<group>"; };
		98D1B324C6DE70AA43A23E99 /* Pods-flixsterTests.debug.xcconfig */ = {isa = PBXFileReference; includeInIndex = 1; lastKnownFileType = text.xcconfig; name = "Pods-flixsterTests.debug.xcconfig"; path = "Pods/Target Support Files/Pods-flixsterTests/Pods-flixsterTests.debug.xcconfig"; sourceTree = "<group>"; };
		A49F283C25E061F90041A739 /* MovieDetailsViewController.swift */ = {isa = PBXFileReference; lastKnownFileType = sourcecode.swift; path = MovieDetailsViewController.swift; sourceTree = "<group>"; };
		A49F283E25E0878A0041A739 /* MovieGridViewController.swift */ = {isa = PBXFileReference; lastKnownFileType = sourcecode.swift; path = MovieGridViewController.swift; sourceTree = "<group>"; };
		A49F284025E08C6D0041A739 /* MovieGridCell.swift */ = {isa = PBXFileReference; lastKnownFileType = sourcecode.swift; path = MovieGridCell.swift; sourceTree = "<group>"; };
		A4D81EBE25D701FE00100650 /* flixster.app */ = {isa = PBXFileReference; explicitFileType = wrapper.application; includeInIndex = 0; path = flixster.app; sourceTree = BUILT_PRODUCTS_DIR; };
		A4D81EC125D701FE00100650 /* AppDelegate.swift */ = {isa = PBXFileReference; lastKnownFileType = sourcecode.swift; path = AppDelegate.swift; sourceTree = "<group>"; };
		A4D81EC325D701FE00100650 /* SceneDelegate.swift */ = {isa = PBXFileReference; lastKnownFileType = sourcecode.swift; path = SceneDelegate.swift; sourceTree = "<group>"; };
		A4D81EC825D701FE00100650 /* Base */ = {isa = PBXFileReference; lastKnownFileType = file.storyboard; name = Base; path = Base.lproj/Main.storyboard; sourceTree = "<group>"; };
		A4D81ECA25D7020300100650 /* Assets.xcassets */ = {isa = PBXFileReference; lastKnownFileType = folder.assetcatalog; path = Assets.xcassets; sourceTree = "<group>"; };
		A4D81ECD25D7020300100650 /* Base */ = {isa = PBXFileReference; lastKnownFileType = file.storyboard; name = Base; path = Base.lproj/LaunchScreen.storyboard; sourceTree = "<group>"; };
		A4D81ECF25D7020300100650 /* Info.plist */ = {isa = PBXFileReference; lastKnownFileType = text.plist.xml; path = Info.plist; sourceTree = "<group>"; };
		A4D81ED425D7020400100650 /* flixsterTests.xctest */ = {isa = PBXFileReference; explicitFileType = wrapper.cfbundle; includeInIndex = 0; path = flixsterTests.xctest; sourceTree = BUILT_PRODUCTS_DIR; };
		A4D81ED825D7020400100650 /* flixsterTests.swift */ = {isa = PBXFileReference; lastKnownFileType = sourcecode.swift; path = flixsterTests.swift; sourceTree = "<group>"; };
		A4D81EDA25D7020400100650 /* Info.plist */ = {isa = PBXFileReference; lastKnownFileType = text.plist.xml; path = Info.plist; sourceTree = "<group>"; };
		A4D81EDF25D7020400100650 /* flixsterUITests.xctest */ = {isa = PBXFileReference; explicitFileType = wrapper.cfbundle; includeInIndex = 0; path = flixsterUITests.xctest; sourceTree = BUILT_PRODUCTS_DIR; };
		A4D81EE325D7020400100650 /* flixsterUITests.swift */ = {isa = PBXFileReference; lastKnownFileType = sourcecode.swift; path = flixsterUITests.swift; sourceTree = "<group>"; };
		A4D81EE525D7020400100650 /* Info.plist */ = {isa = PBXFileReference; lastKnownFileType = text.plist.xml; path = Info.plist; sourceTree = "<group>"; };
		A4D81EF125D705E700100650 /* MoviesViewController.swift */ = {isa = PBXFileReference; lastKnownFileType = sourcecode.swift; path = MoviesViewController.swift; sourceTree = "<group>"; };
		A4D81EF325D7327700100650 /* MovieCell.swift */ = {isa = PBXFileReference; lastKnownFileType = sourcecode.swift; path = MovieCell.swift; sourceTree = "<group>"; };
/* End PBXFileReference section */

/* Begin PBXFrameworksBuildPhase section */
		A4D81EBB25D701FE00100650 /* Frameworks */ = {
			isa = PBXFrameworksBuildPhase;
			buildActionMask = 2147483647;
			files = (
				415FA8BA412753B2510B84F6 /* Pods_flixster.framework in Frameworks */,
			);
			runOnlyForDeploymentPostprocessing = 0;
		};
		A4D81ED125D7020400100650 /* Frameworks */ = {
			isa = PBXFrameworksBuildPhase;
			buildActionMask = 2147483647;
			files = (
				47A7C61421DAACB763126294 /* Pods_flixsterTests.framework in Frameworks */,
			);
			runOnlyForDeploymentPostprocessing = 0;
		};
		A4D81EDC25D7020400100650 /* Frameworks */ = {
			isa = PBXFrameworksBuildPhase;
			buildActionMask = 2147483647;
			files = (
				3AA555FFDEBB3E6232F0E902 /* Pods_flixsterUITests.framework in Frameworks */,
			);
			runOnlyForDeploymentPostprocessing = 0;
		};
/* End PBXFrameworksBuildPhase section */

/* Begin PBXGroup section */
		3BCDD343CAA694A8F34A91EC /* Frameworks */ = {
			isa = PBXGroup;
			children = (
				7C0A08A79E4DBB7A6622EFAB /* Pods_flixster.framework */,
				5490E90D1A530F5B77F71EA8 /* Pods_flixsterTests.framework */,
				5A015EA837040BF65FA1BCE1 /* Pods_flixsterUITests.framework */,
			);
			name = Frameworks;
			sourceTree = "<group>";
		};
		58AAE729A5C2C7F340A8CF76 /* Pods */ = {
			isa = PBXGroup;
			children = (
				8F1A126E2403AC924C249475 /* Pods-flixster.debug.xcconfig */,
				6A6867178E91F8EBE2AD08DB /* Pods-flixster.release.xcconfig */,
				98D1B324C6DE70AA43A23E99 /* Pods-flixsterTests.debug.xcconfig */,
				59348EED2CC3C4EE4A2A1F6C /* Pods-flixsterTests.release.xcconfig */,
				0FEEF8C151CD270611FE1C18 /* Pods-flixsterUITests.debug.xcconfig */,
				4BCD580A69DB4C3D5BEB1334 /* Pods-flixsterUITests.release.xcconfig */,
			);
			name = Pods;
			sourceTree = "<group>";
		};
		A4D81EB525D701FE00100650 = {
			isa = PBXGroup;
			children = (
				A4D81EC025D701FE00100650 /* flixster */,
				A4D81ED725D7020400100650 /* flixsterTests */,
				A4D81EE225D7020400100650 /* flixsterUITests */,
				A4D81EBF25D701FE00100650 /* Products */,
				58AAE729A5C2C7F340A8CF76 /* Pods */,
				3BCDD343CAA694A8F34A91EC /* Frameworks */,
			);
			sourceTree = "<group>";
		};
		A4D81EBF25D701FE00100650 /* Products */ = {
			isa = PBXGroup;
			children = (
				A4D81EBE25D701FE00100650 /* flixster.app */,
				A4D81ED425D7020400100650 /* flixsterTests.xctest */,
				A4D81EDF25D7020400100650 /* flixsterUITests.xctest */,
			);
			name = Products;
			sourceTree = "<group>";
		};
		A4D81EC025D701FE00100650 /* flixster */ = {
			isa = PBXGroup;
			children = (
				A4D81EC125D701FE00100650 /* AppDelegate.swift */,
				A4D81EC325D701FE00100650 /* SceneDelegate.swift */,
				A4D81EC725D701FE00100650 /* Main.storyboard */,
				A4D81EF325D7327700100650 /* MovieCell.swift */,
				A4D81ECA25D7020300100650 /* Assets.xcassets */,
				A4D81ECC25D7020300100650 /* LaunchScreen.storyboard */,
				A4D81ECF25D7020300100650 /* Info.plist */,
				A4D81EF125D705E700100650 /* MoviesViewController.swift */,
				A49F283C25E061F90041A739 /* MovieDetailsViewController.swift */,
				A49F283E25E0878A0041A739 /* MovieGridViewController.swift */,
				A49F284025E08C6D0041A739 /* MovieGridCell.swift */,
			);
			path = flixster;
			sourceTree = "<group>";
		};
		A4D81ED725D7020400100650 /* flixsterTests */ = {
			isa = PBXGroup;
			children = (
				A4D81ED825D7020400100650 /* flixsterTests.swift */,
				A4D81EDA25D7020400100650 /* Info.plist */,
			);
			path = flixsterTests;
			sourceTree = "<group>";
		};
		A4D81EE225D7020400100650 /* flixsterUITests */ = {
			isa = PBXGroup;
			children = (
				A4D81EE325D7020400100650 /* flixsterUITests.swift */,
				A4D81EE525D7020400100650 /* Info.plist */,
			);
			path = flixsterUITests;
			sourceTree = "<group>";
		};
/* End PBXGroup section */

/* Begin PBXNativeTarget section */
		A4D81EBD25D701FE00100650 /* flixster */ = {
			isa = PBXNativeTarget;
			buildConfigurationList = A4D81EE825D7020400100650 /* Build configuration list for PBXNativeTarget "flixster" */;
			buildPhases = (
				5A1ABF5BA475EC59D2E46401 /* [CP] Check Pods Manifest.lock */,
				A4D81EBA25D701FE00100650 /* Sources */,
				A4D81EBB25D701FE00100650 /* Frameworks */,
				A4D81EBC25D701FE00100650 /* Resources */,
				E10ACC0FB927F8D754DC306D /* [CP] Embed Pods Frameworks */,
			);
			buildRules = (
			);
			dependencies = (
			);
			name = flixster;
			productName = flixster;
			productReference = A4D81EBE25D701FE00100650 /* flixster.app */;
			productType = "com.apple.product-type.application";
		};
		A4D81ED325D7020400100650 /* flixsterTests */ = {
			isa = PBXNativeTarget;
			buildConfigurationList = A4D81EEB25D7020400100650 /* Build configuration list for PBXNativeTarget "flixsterTests" */;
			buildPhases = (
				FBFF975AA112EEB72EF1C6AB /* [CP] Check Pods Manifest.lock */,
				A4D81ED025D7020400100650 /* Sources */,
				A4D81ED125D7020400100650 /* Frameworks */,
				A4D81ED225D7020400100650 /* Resources */,
			);
			buildRules = (
			);
			dependencies = (
				A4D81ED625D7020400100650 /* PBXTargetDependency */,
			);
			name = flixsterTests;
			productName = flixsterTests;
			productReference = A4D81ED425D7020400100650 /* flixsterTests.xctest */;
			productType = "com.apple.product-type.bundle.unit-test";
		};
		A4D81EDE25D7020400100650 /* flixsterUITests */ = {
			isa = PBXNativeTarget;
			buildConfigurationList = A4D81EEE25D7020400100650 /* Build configuration list for PBXNativeTarget "flixsterUITests" */;
			buildPhases = (
				0C399FD4BF9648D9CAF395BC /* [CP] Check Pods Manifest.lock */,
				A4D81EDB25D7020400100650 /* Sources */,
				A4D81EDC25D7020400100650 /* Frameworks */,
				A4D81EDD25D7020400100650 /* Resources */,
			);
			buildRules = (
			);
			dependencies = (
				A4D81EE125D7020400100650 /* PBXTargetDependency */,
			);
			name = flixsterUITests;
			productName = flixsterUITests;
			productReference = A4D81EDF25D7020400100650 /* flixsterUITests.xctest */;
			productType = "com.apple.product-type.bundle.ui-testing";
		};
/* End PBXNativeTarget section */

/* Begin PBXProject section */
		A4D81EB625D701FE00100650 /* Project object */ = {
			isa = PBXProject;
			attributes = {
				LastSwiftUpdateCheck = 1130;
				LastUpgradeCheck = 1130;
				ORGANIZATIONNAME = "Sanjidah Abdullah";
				TargetAttributes = {
					A4D81EBD25D701FE00100650 = {
						CreatedOnToolsVersion = 11.3.1;
					};
					A4D81ED325D7020400100650 = {
						CreatedOnToolsVersion = 11.3.1;
						TestTargetID = A4D81EBD25D701FE00100650;
					};
					A4D81EDE25D7020400100650 = {
						CreatedOnToolsVersion = 11.3.1;
						TestTargetID = A4D81EBD25D701FE00100650;
					};
				};
			};
			buildConfigurationList = A4D81EB925D701FE00100650 /* Build configuration list for PBXProject "flixster" */;
			compatibilityVersion = "Xcode 9.3";
			developmentRegion = en;
			hasScannedForEncodings = 0;
			knownRegions = (
				en,
				Base,
			);
			mainGroup = A4D81EB525D701FE00100650;
			productRefGroup = A4D81EBF25D701FE00100650 /* Products */;
			projectDirPath = "";
			projectRoot = "";
			targets = (
				A4D81EBD25D701FE00100650 /* flixster */,
				A4D81ED325D7020400100650 /* flixsterTests */,
				A4D81EDE25D7020400100650 /* flixsterUITests */,
			);
		};
/* End PBXProject section */

/* Begin PBXResourcesBuildPhase section */
		A4D81EBC25D701FE00100650 /* Resources */ = {
			isa = PBXResourcesBuildPhase;
			buildActionMask = 2147483647;
			files = (
				A4D81ECE25D7020300100650 /* LaunchScreen.storyboard in Resources */,
				A4D81ECB25D7020300100650 /* Assets.xcassets in Resources */,
				A4D81EC925D701FE00100650 /* Main.storyboard in Resources */,
			);
			runOnlyForDeploymentPostprocessing = 0;
		};
		A4D81ED225D7020400100650 /* Resources */ = {
			isa = PBXResourcesBuildPhase;
			buildActionMask = 2147483647;
			files = (
			);
			runOnlyForDeploymentPostprocessing = 0;
		};
		A4D81EDD25D7020400100650 /* Resources */ = {
			isa = PBXResourcesBuildPhase;
			buildActionMask = 2147483647;
			files = (
			);
			runOnlyForDeploymentPostprocessing = 0;
		};
/* End PBXResourcesBuildPhase section */

/* Begin PBXShellScriptBuildPhase section */
		0C399FD4BF9648D9CAF395BC /* [CP] Check Pods Manifest.lock */ = {
			isa = PBXShellScriptBuildPhase;
			buildActionMask = 2147483647;
			files = (
			);
			inputPaths = (
				"${PODS_PODFILE_DIR_PATH}/Podfile.lock",
				"${PODS_ROOT}/Manifest.lock",
			);
			name = "[CP] Check Pods Manifest.lock";
			outputPaths = (
				"$(DERIVED_FILE_DIR)/Pods-flixsterUITests-checkManifestLockResult.txt",
			);
			runOnlyForDeploymentPostprocessing = 0;
			shellPath = /bin/sh;
			shellScript = "diff \"${PODS_PODFILE_DIR_PATH}/Podfile.lock\" \"${PODS_ROOT}/Manifest.lock\" > /dev/null\nif [ $? != 0 ] ; then\n    # print error to STDERR\n    echo \"error: The sandbox is not in sync with the Podfile.lock. Run 'pod install' or update your CocoaPods installation.\" >&2\n    exit 1\nfi\n# This output is used by Xcode 'outputs' to avoid re-running this script phase.\necho \"SUCCESS\" > \"${SCRIPT_OUTPUT_FILE_0}\"\n";
			showEnvVarsInLog = 0;
		};
		5A1ABF5BA475EC59D2E46401 /* [CP] Check Pods Manifest.lock */ = {
			isa = PBXShellScriptBuildPhase;
			buildActionMask = 2147483647;
			files = (
			);
			inputPaths = (
				"${PODS_PODFILE_DIR_PATH}/Podfile.lock",
				"${PODS_ROOT}/Manifest.lock",
			);
			name = "[CP] Check Pods Manifest.lock";
			outputPaths = (
				"$(DERIVED_FILE_DIR)/Pods-flixster-checkManifestLockResult.txt",
			);
			runOnlyForDeploymentPostprocessing = 0;
			shellPath = /bin/sh;
			shellScript = "diff \"${PODS_PODFILE_DIR_PATH}/Podfile.lock\" \"${PODS_ROOT}/Manifest.lock\" > /dev/null\nif [ $? != 0 ] ; then\n    # print error to STDERR\n    echo \"error: The sandbox is not in sync with the Podfile.lock. Run 'pod install' or update your CocoaPods installation.\" >&2\n    exit 1\nfi\n# This output is used by Xcode 'outputs' to avoid re-running this script phase.\necho \"SUCCESS\" > \"${SCRIPT_OUTPUT_FILE_0}\"\n";
			showEnvVarsInLog = 0;
		};
		E10ACC0FB927F8D754DC306D /* [CP] Embed Pods Frameworks */ = {
			isa = PBXShellScriptBuildPhase;
			buildActionMask = 2147483647;
			files = (
			);
			inputPaths = (
				"${SRCROOT}/Pods/Target Support Files/Pods-flixster/Pods-flixster-frameworks.sh",
				"${BUILT_PRODUCTS_DIR}/Alamofire/Alamofire.framework",
				"${BUILT_PRODUCTS_DIR}/AlamofireImage/AlamofireImage.framework",
			);
			name = "[CP] Embed Pods Frameworks";
			outputPaths = (
				"${TARGET_BUILD_DIR}/${FRAMEWORKS_FOLDER_PATH}/Alamofire.framework",
				"${TARGET_BUILD_DIR}/${FRAMEWORKS_FOLDER_PATH}/AlamofireImage.framework",
			);
			runOnlyForDeploymentPostprocessing = 0;
			shellPath = /bin/sh;
			shellScript = "\"${SRCROOT}/Pods/Target Support Files/Pods-flixster/Pods-flixster-frameworks.sh\"\n";
			showEnvVarsInLog = 0;
		};
		FBFF975AA112EEB72EF1C6AB /* [CP] Check Pods Manifest.lock */ = {
			isa = PBXShellScriptBuildPhase;
			buildActionMask = 2147483647;
			files = (
			);
			inputPaths = (
				"${PODS_PODFILE_DIR_PATH}/Podfile.lock",
				"${PODS_ROOT}/Manifest.lock",
			);
			name = "[CP] Check Pods Manifest.lock";
			outputPaths = (
				"$(DERIVED_FILE_DIR)/Pods-flixsterTests-checkManifestLockResult.txt",
			);
			runOnlyForDeploymentPostprocessing = 0;
			shellPath = /bin/sh;
			shellScript = "diff \"${PODS_PODFILE_DIR_PATH}/Podfile.lock\" \"${PODS_ROOT}/Manifest.lock\" > /dev/null\nif [ $? != 0 ] ; then\n    # print error to STDERR\n    echo \"error: The sandbox is not in sync with the Podfile.lock. Run 'pod install' or update your CocoaPods installation.\" >&2\n    exit 1\nfi\n# This output is used by Xcode 'outputs' to avoid re-running this script phase.\necho \"SUCCESS\" > \"${SCRIPT_OUTPUT_FILE_0}\"\n";
			showEnvVarsInLog = 0;
		};
/* End PBXShellScriptBuildPhase section */

/* Begin PBXSourcesBuildPhase section */
		A4D81EBA25D701FE00100650 /* Sources */ = {
			isa = PBXSourcesBuildPhase;
			buildActionMask = 2147483647;
			files = (
				A49F283D25E061F90041A739 /* MovieDetailsViewController.swift in Sources */,
				A4D81EC225D701FE00100650 /* AppDelegate.swift in Sources */,
				A4D81EC425D701FE00100650 /* SceneDelegate.swift in Sources */,
				A4D81EF425D7327700100650 /* MovieCell.swift in Sources */,
				A4D81EF225D705E700100650 /* MoviesViewController.swift in Sources */,
				A49F283F25E0878A0041A739 /* MovieGridViewController.swift in Sources */,
				A49F284125E08C6D0041A739 /* MovieGridCell.swift in Sources */,
			);
			runOnlyForDeploymentPostprocessing = 0;
		};
		A4D81ED025D7020400100650 /* Sources */ = {
			isa = PBXSourcesBuildPhase;
			buildActionMask = 2147483647;
			files = (
				A4D81ED925D7020400100650 /* flixsterTests.swift in Sources */,
			);
			runOnlyForDeploymentPostprocessing = 0;
		};
		A4D81EDB25D7020400100650 /* Sources */ = {
			isa = PBXSourcesBuildPhase;
			buildActionMask = 2147483647;
			files = (
				A4D81EE425D7020400100650 /* flixsterUITests.swift in Sources */,
			);
			runOnlyForDeploymentPostprocessing = 0;
		};
/* End PBXSourcesBuildPhase section */

/* Begin PBXTargetDependency section */
		A4D81ED625D7020400100650 /* PBXTargetDependency */ = {
			isa = PBXTargetDependency;
			target = A4D81EBD25D701FE00100650 /* flixster */;
			targetProxy = A4D81ED525D7020400100650 /* PBXContainerItemProxy */;
		};
		A4D81EE125D7020400100650 /* PBXTargetDependency */ = {
			isa = PBXTargetDependency;
			target = A4D81EBD25D701FE00100650 /* flixster */;
			targetProxy = A4D81EE025D7020400100650 /* PBXContainerItemProxy */;
		};
/* End PBXTargetDependency section */

/* Begin PBXVariantGroup section */
		A4D81EC725D701FE00100650 /* Main.storyboard */ = {
			isa = PBXVariantGroup;
			children = (
				A4D81EC825D701FE00100650 /* Base */,
			);
			name = Main.storyboard;
			sourceTree = "<group>";
		};
		A4D81ECC25D7020300100650 /* LaunchScreen.storyboard */ = {
			isa = PBXVariantGroup;
			children = (
				A4D81ECD25D7020300100650 /* Base */,
			);
			name = LaunchScreen.storyboard;
			sourceTree = "<group>";
		};
/* End PBXVariantGroup section */

/* Begin XCBuildConfiguration section */
		A4D81EE625D7020400100650 /* Debug */ = {
			isa = XCBuildConfiguration;
			buildSettings = {
				ALWAYS_SEARCH_USER_PATHS = NO;
				CLANG_ANALYZER_NONNULL = YES;
				CLANG_ANALYZER_NUMBER_OBJECT_CONVERSION = YES_AGGRESSIVE;
				CLANG_CXX_LANGUAGE_STANDARD = "gnu++14";
				CLANG_CXX_LIBRARY = "libc++";
				CLANG_ENABLE_MODULES = YES;
				CLANG_ENABLE_OBJC_ARC = YES;
				CLANG_ENABLE_OBJC_WEAK = YES;
				CLANG_WARN_BLOCK_CAPTURE_AUTORELEASING = YES;
				CLANG_WARN_BOOL_CONVERSION = YES;
				CLANG_WARN_COMMA = YES;
				CLANG_WARN_CONSTANT_CONVERSION = YES;
				CLANG_WARN_DEPRECATED_OBJC_IMPLEMENTATIONS = YES;
				CLANG_WARN_DIRECT_OBJC_ISA_USAGE = YES_ERROR;
				CLANG_WARN_DOCUMENTATION_COMMENTS = YES;
				CLANG_WARN_EMPTY_BODY = YES;
				CLANG_WARN_ENUM_CONVERSION = YES;
				CLANG_WARN_INFINITE_RECURSION = YES;
				CLANG_WARN_INT_CONVERSION = YES;
				CLANG_WARN_NON_LITERAL_NULL_CONVERSION = YES;
				CLANG_WARN_OBJC_IMPLICIT_RETAIN_SELF = YES;
				CLANG_WARN_OBJC_LITERAL_CONVERSION = YES;
				CLANG_WARN_OBJC_ROOT_CLASS = YES_ERROR;
				CLANG_WARN_RANGE_LOOP_ANALYSIS = YES;
				CLANG_WARN_STRICT_PROTOTYPES = YES;
				CLANG_WARN_SUSPICIOUS_MOVE = YES;
				CLANG_WARN_UNGUARDED_AVAILABILITY = YES_AGGRESSIVE;
				CLANG_WARN_UNREACHABLE_CODE = YES;
				CLANG_WARN__DUPLICATE_METHOD_MATCH = YES;
				COPY_PHASE_STRIP = NO;
				DEBUG_INFORMATION_FORMAT = dwarf;
				ENABLE_STRICT_OBJC_MSGSEND = YES;
				ENABLE_TESTABILITY = YES;
				GCC_C_LANGUAGE_STANDARD = gnu11;
				GCC_DYNAMIC_NO_PIC = NO;
				GCC_NO_COMMON_BLOCKS = YES;
				GCC_OPTIMIZATION_LEVEL = 0;
				GCC_PREPROCESSOR_DEFINITIONS = (
					"DEBUG=1",
					"$(inherited)",
				);
				GCC_WARN_64_TO_32_BIT_CONVERSION = YES;
				GCC_WARN_ABOUT_RETURN_TYPE = YES_ERROR;
				GCC_WARN_UNDECLARED_SELECTOR = YES;
				GCC_WARN_UNINITIALIZED_AUTOS = YES_AGGRESSIVE;
				GCC_WARN_UNUSED_FUNCTION = YES;
				GCC_WARN_UNUSED_VARIABLE = YES;
				IPHONEOS_DEPLOYMENT_TARGET = 13.2;
				MTL_ENABLE_DEBUG_INFO = INCLUDE_SOURCE;
				MTL_FAST_MATH = YES;
				ONLY_ACTIVE_ARCH = YES;
				SDKROOT = iphoneos;
				SWIFT_ACTIVE_COMPILATION_CONDITIONS = DEBUG;
				SWIFT_OPTIMIZATION_LEVEL = "-Onone";
			};
			name = Debug;
		};
		A4D81EE725D7020400100650 /* Release */ = {
			isa = XCBuildConfiguration;
			buildSettings = {
				ALWAYS_SEARCH_USER_PATHS = NO;
				CLANG_ANALYZER_NONNULL = YES;
				CLANG_ANALYZER_NUMBER_OBJECT_CONVERSION = YES_AGGRESSIVE;
				CLANG_CXX_LANGUAGE_STANDARD = "gnu++14";
				CLANG_CXX_LIBRARY = "libc++";
				CLANG_ENABLE_MODULES = YES;
				CLANG_ENABLE_OBJC_ARC = YES;
				CLANG_ENABLE_OBJC_WEAK = YES;
				CLANG_WARN_BLOCK_CAPTURE_AUTORELEASING = YES;
				CLANG_WARN_BOOL_CONVERSION = YES;
				CLANG_WARN_COMMA = YES;
				CLANG_WARN_CONSTANT_CONVERSION = YES;
				CLANG_WARN_DEPRECATED_OBJC_IMPLEMENTATIONS = YES;
				CLANG_WARN_DIRECT_OBJC_ISA_USAGE = YES_ERROR;
				CLANG_WARN_DOCUMENTATION_COMMENTS = YES;
				CLANG_WARN_EMPTY_BODY = YES;
				CLANG_WARN_ENUM_CONVERSION = YES;
				CLANG_WARN_INFINITE_RECURSION = YES;
				CLANG_WARN_INT_CONVERSION = YES;
				CLANG_WARN_NON_LITERAL_NULL_CONVERSION = YES;
				CLANG_WARN_OBJC_IMPLICIT_RETAIN_SELF = YES;
				CLANG_WARN_OBJC_LITERAL_CONVERSION = YES;
				CLANG_WARN_OBJC_ROOT_CLASS = YES_ERROR;
				CLANG_WARN_RANGE_LOOP_ANALYSIS = YES;
				CLANG_WARN_STRICT_PROTOTYPES = YES;
				CLANG_WARN_SUSPICIOUS_MOVE = YES;
				CLANG_WARN_UNGUARDED_AVAILABILITY = YES_AGGRESSIVE;
				CLANG_WARN_UNREACHABLE_CODE = YES;
				CLANG_WARN__DUPLICATE_METHOD_MATCH = YES;
				COPY_PHASE_STRIP = NO;
				DEBUG_INFORMATION_FORMAT = "dwarf-with-dsym";
				ENABLE_NS_ASSERTIONS = NO;
				ENABLE_STRICT_OBJC_MSGSEND = YES;
				GCC_C_LANGUAGE_STANDARD = gnu11;
				GCC_NO_COMMON_BLOCKS = YES;
				GCC_WARN_64_TO_32_BIT_CONVERSION = YES;
				GCC_WARN_ABOUT_RETURN_TYPE = YES_ERROR;
				GCC_WARN_UNDECLARED_SELECTOR = YES;
				GCC_WARN_UNINITIALIZED_AUTOS = YES_AGGRESSIVE;
				GCC_WARN_UNUSED_FUNCTION = YES;
				GCC_WARN_UNUSED_VARIABLE = YES;
				IPHONEOS_DEPLOYMENT_TARGET = 13.2;
				MTL_ENABLE_DEBUG_INFO = NO;
				MTL_FAST_MATH = YES;
				SDKROOT = iphoneos;
				SWIFT_COMPILATION_MODE = wholemodule;
				SWIFT_OPTIMIZATION_LEVEL = "-O";
				VALIDATE_PRODUCT = YES;
			};
			name = Release;
		};
		A4D81EE925D7020400100650 /* Debug */ = {
			isa = XCBuildConfiguration;
			baseConfigurationReference = 8F1A126E2403AC924C249475 /* Pods-flixster.debug.xcconfig */;
			buildSettings = {
				ASSETCATALOG_COMPILER_APPICON_NAME = AppIcon;
				CODE_SIGN_STYLE = Automatic;
				INFOPLIST_FILE = flixster/Info.plist;
				LD_RUNPATH_SEARCH_PATHS = (
					"$(inherited)",
					"@executable_path/Frameworks",
				);
				PRODUCT_BUNDLE_IDENTIFIER = com.codepath.flixster;
				PRODUCT_NAME = "$(TARGET_NAME)";
				SWIFT_VERSION = 5.0;
				TARGETED_DEVICE_FAMILY = "1,2";
			};
			name = Debug;
		};
		A4D81EEA25D7020400100650 /* Release */ = {
			isa = XCBuildConfiguration;
			baseConfigurationReference = 6A6867178E91F8EBE2AD08DB /* Pods-flixster.release.xcconfig */;
			buildSettings = {
				ASSETCATALOG_COMPILER_APPICON_NAME = AppIcon;
				CODE_SIGN_STYLE = Automatic;
				INFOPLIST_FILE = flixster/Info.plist;
				LD_RUNPATH_SEARCH_PATHS = (
					"$(inherited)",
					"@executable_path/Frameworks",
				);
				PRODUCT_BUNDLE_IDENTIFIER = com.codepath.flixster;
				PRODUCT_NAME = "$(TARGET_NAME)";
				SWIFT_VERSION = 5.0;
				TARGETED_DEVICE_FAMILY = "1,2";
			};
			name = Release;
		};
		A4D81EEC25D7020400100650 /* Debug */ = {
			isa = XCBuildConfiguration;
			baseConfigurationReference = 98D1B324C6DE70AA43A23E99 /* Pods-flixsterTests.debug.xcconfig */;
			buildSettings = {
				ALWAYS_EMBED_SWIFT_STANDARD_LIBRARIES = YES;
				BUNDLE_LOADER = "$(TEST_HOST)";
				CODE_SIGN_STYLE = Automatic;
				INFOPLIST_FILE = flixsterTests/Info.plist;
				IPHONEOS_DEPLOYMENT_TARGET = 13.2;
				LD_RUNPATH_SEARCH_PATHS = (
					"$(inherited)",
					"@executable_path/Frameworks",
					"@loader_path/Frameworks",
				);
				PRODUCT_BUNDLE_IDENTIFIER = com.codepath.flixsterTests;
				PRODUCT_NAME = "$(TARGET_NAME)";
				SWIFT_VERSION = 5.0;
				TARGETED_DEVICE_FAMILY = "1,2";
				TEST_HOST = "$(BUILT_PRODUCTS_DIR)/flixster.app/flixster";
			};
			name = Debug;
		};
		A4D81EED25D7020400100650 /* Release */ = {
			isa = XCBuildConfiguration;
			baseConfigurationReference = 59348EED2CC3C4EE4A2A1F6C /* Pods-flixsterTests.release.xcconfig */;
			buildSettings = {
				ALWAYS_EMBED_SWIFT_STANDARD_LIBRARIES = YES;
				BUNDLE_LOADER = "$(TEST_HOST)";
				CODE_SIGN_STYLE = Automatic;
				INFOPLIST_FILE = flixsterTests/Info.plist;
				IPHONEOS_DEPLOYMENT_TARGET = 13.2;
				LD_RUNPATH_SEARCH_PATHS = (
					"$(inherited)",
					"@executable_path/Frameworks",
					"@loader_path/Frameworks",
				);
				PRODUCT_BUNDLE_IDENTIFIER = com.codepath.flixsterTests;
				PRODUCT_NAME = "$(TARGET_NAME)";
				SWIFT_VERSION = 5.0;
				TARGETED_DEVICE_FAMILY = "1,2";
				TEST_HOST = "$(BUILT_PRODUCTS_DIR)/flixster.app/flixster";
			};
			name = Release;
		};
		A4D81EEF25D7020400100650 /* Debug */ = {
			isa = XCBuildConfiguration;
			baseConfigurationReference = 0FEEF8C151CD270611FE1C18 /* Pods-flixsterUITests.debug.xcconfig */;
			buildSettings = {
				ALWAYS_EMBED_SWIFT_STANDARD_LIBRARIES = YES;
				CODE_SIGN_STYLE = Automatic;
				INFOPLIST_FILE = flixsterUITests/Info.plist;
				LD_RUNPATH_SEARCH_PATHS = (
					"$(inherited)",
					"@executable_path/Frameworks",
					"@loader_path/Frameworks",
				);
				PRODUCT_BUNDLE_IDENTIFIER = com.codepath.flixsterUITests;
				PRODUCT_NAME = "$(TARGET_NAME)";
				SWIFT_VERSION = 5.0;
				TARGETED_DEVICE_FAMILY = "1,2";
				TEST_TARGET_NAME = flixster;
			};
			name = Debug;
		};
		A4D81EF025D7020400100650 /* Release */ = {
			isa = XCBuildConfiguration;
			baseConfigurationReference = 4BCD580A69DB4C3D5BEB1334 /* Pods-flixsterUITests.release.xcconfig */;
			buildSettings = {
				ALWAYS_EMBED_SWIFT_STANDARD_LIBRARIES = YES;
				CODE_SIGN_STYLE = Automatic;
				INFOPLIST_FILE = flixsterUITests/Info.plist;
				LD_RUNPATH_SEARCH_PATHS = (
					"$(inherited)",
					"@executable_path/Frameworks",
					"@loader_path/Frameworks",
				);
				PRODUCT_BUNDLE_IDENTIFIER = com.codepath.flixsterUITests;
				PRODUCT_NAME = "$(TARGET_NAME)";
				SWIFT_VERSION = 5.0;
				TARGETED_DEVICE_FAMILY = "1,2";
				TEST_TARGET_NAME = flixster;
			};
			name = Release;
		};
/* End XCBuildConfiguration section */

/* Begin XCConfigurationList section */
		A4D81EB925D701FE00100650 /* Build configuration list for PBXProject "flixster" */ = {
			isa = XCConfigurationList;
			buildConfigurations = (
				A4D81EE625D7020400100650 /* Debug */,
				A4D81EE725D7020400100650 /* Release */,
			);
			defaultConfigurationIsVisible = 0;
			defaultConfigurationName = Release;
		};
		A4D81EE825D7020400100650 /* Build configuration list for PBXNativeTarget "flixster" */ = {
			isa = XCConfigurationList;
			buildConfigurations = (
				A4D81EE925D7020400100650 /* Debug */,
				A4D81EEA25D7020400100650 /* Release */,
			);
			defaultConfigurationIsVisible = 0;
			defaultConfigurationName = Release;
		};
		A4D81EEB25D7020400100650 /* Build configuration list for PBXNativeTarget "flixsterTests" */ = {
			isa = XCConfigurationList;
			buildConfigurations = (
				A4D81EEC25D7020400100650 /* Debug */,
				A4D81EED25D7020400100650 /* Release */,
			);
			defaultConfigurationIsVisible = 0;
			defaultConfigurationName = Release;
		};
		A4D81EEE25D7020400100650 /* Build configuration list for PBXNativeTarget "flixsterUITests" */ = {
			isa = XCConfigurationList;
			buildConfigurations = (
				A4D81EEF25D7020400100650 /* Debug */,
				A4D81EF025D7020400100650 /* Release */,
			);
			defaultConfigurationIsVisible = 0;
			defaultConfigurationName = Release;
		};
/* End XCConfigurationList section */
	};
	rootObject = A4D81EB625D701FE00100650 /* Project object */;
}
